
Microsoft Visual Studio Solution File, Format Version 12.00
# Visual Studio Version 17
VisualStudioVersion = 17.3.32819.101
MinimumVisualStudioVersion = 10.0.40219.1
Project("{FAE04EC0-301F-11D3-BF4B-00C04F79EFBC}") = "Snake", "Snake\Snake.csproj", "{E16C0580-3935-4BF2-BC41-CDDCC0F01DFE}"
EndProject
Global
	GlobalSection(SolutionConfigurationPlatforms) = preSolution
		Debug|Any CPU = Debug|Any CPU
		Release|Any CPU = Release|Any CPU
	EndGlobalSection
	GlobalSection(ProjectConfigurationPlatforms) = postSolution
		{E16C0580-3935-4BF2-BC41-CDDCC0F01DFE}.Debug|Any CPU.ActiveCfg = Debug|Any CPU
		{E16C0580-3935-4BF2-BC41-CDDCC0F01DFE}.Debug|Any CPU.Build.0 = Debug|Any CPU
		{E16C0580-3935-4BF2-BC41-CDDCC0F01DFE}.Release|Any CPU.ActiveCfg = Release|Any CPU
		{E16C0580-3935-4BF2-BC41-CDDCC0F01DFE}.Release|Any CPU.Build.0 = Release|Any CPU
	EndGlobalSection
	GlobalSection(SolutionProperties) = preSolution
		HideSolutionNode = FALSE
	EndGlobalSection
	GlobalSection(ExtensibilityGlobals) = postSolution
		SolutionGuid = {2E0E85DE-2A60-441C-A06B-70E6461B507F}
	EndGlobalSection
EndGlobal
